
Microsoft Visual Studio Solution File, Format Version 12.00
# Visual Studio Version 17
VisualStudioVersion = 17.7.34024.191
MinimumVisualStudioVersion = 10.0.40219.1
Project("{FAE04EC0-301F-11D3-BF4B-00C04F79EFBC}") = "Ride Maker", "Ride Maker\Ride Maker.csproj", "{79C2FC92-D686-4711-95AC-C9193A3D9BD8}"
EndProject
Global
	GlobalSection(SolutionConfigurationPlatforms) = preSolution
		Debug|Any CPU = Debug|Any CPU
		Release|Any CPU = Release|Any CPU
	EndGlobalSection
	GlobalSection(ProjectConfigurationPlatforms) = postSolution
		{79C2FC92-D686-4711-95AC-C9193A3D9BD8}.Debug|Any CPU.ActiveCfg = Debug|Any CPU
		{79C2FC92-D686-4711-95AC-C9193A3D9BD8}.Debug|Any CPU.Build.0 = Debug|Any CPU
		{79C2FC92-D686-4711-95AC-C9193A3D9BD8}.Release|Any CPU.ActiveCfg = Release|Any CPU
		{79C2FC92-D686-4711-95AC-C9193A3D9BD8}.Release|Any CPU.Build.0 = Release|Any CPU
	EndGlobalSection
	GlobalSection(SolutionProperties) = preSolution
		HideSolutionNode = FALSE
	EndGlobalSection
	GlobalSection(ExtensibilityGlobals) = postSolution
		SolutionGuid = {75DDAA4B-BB9B-4B60-9303-C12D1A316E7F}
	EndGlobalSection
EndGlobal
